
Microsoft Visual Studio Solution File, Format Version 12.00
# Visual Studio Version 16
VisualStudioVersion = 16.0.30523.141
MinimumVisualStudioVersion = 10.0.40219.1
Project("{FAE04EC0-301F-11D3-BF4B-00C04F79EFBC}") = "Quartzified-Unity", "Quartzified-Unity\Quartzified-Unity.csproj", "{42428F29-88EA-47AA-9D9B-2F99A85B27D1}"
EndProject
Global
	GlobalSection(SolutionConfigurationPlatforms) = preSolution
		Debug|Any CPU = Debug|Any CPU
		Release|Any CPU = Release|Any CPU
	EndGlobalSection
	GlobalSection(ProjectConfigurationPlatforms) = postSolution
		{42428F29-88EA-47AA-9D9B-2F99A85B27D1}.Debug|Any CPU.ActiveCfg = Debug|Any CPU
		{42428F29-88EA-47AA-9D9B-2F99A85B27D1}.Debug|Any CPU.Build.0 = Debug|Any CPU
		{42428F29-88EA-47AA-9D9B-2F99A85B27D1}.Release|Any CPU.ActiveCfg = Release|Any CPU
		{42428F29-88EA-47AA-9D9B-2F99A85B27D1}.Release|Any CPU.Build.0 = Release|Any CPU
	EndGlobalSection
	GlobalSection(SolutionProperties) = preSolution
		HideSolutionNode = FALSE
	EndGlobalSection
	GlobalSection(ExtensibilityGlobals) = postSolution
		SolutionGuid = {94B897D4-9D8F-4F8C-BA79-4E6BAC8C030A}
	EndGlobalSection
EndGlobal
